
Microsoft Visual Studio Solution File, Format Version 12.00
# Visual Studio Version 17
VisualStudioVersion = 17.8.34330.188
MinimumVisualStudioVersion = 10.0.40219.1
Project("{9A19103F-16F7-4668-BE54-9A1E7A4F7556}") = "eShopSolution.Web", "eShopSolution.Web\eShopSolution.Web.csproj", "{13A9B13D-4496-4F2F-9126-DCA4E95D6F2C}"
EndProject
Project("{9A19103F-16F7-4668-BE54-9A1E7A4F7556}") = "eShopSolution.Data", "eShopSolution.Data\eShopSolution.Data.csproj", "{00894095-B280-433D-BB37-56B117D5876B}"
EndProject
Project("{9A19103F-16F7-4668-BE54-9A1E7A4F7556}") = "eShopSolution.Application", "eShopSolution.Application\eShopSolution.Application.csproj", "{43B53463-0565-4355-B47E-626BE9D51B58}"
EndProject
Project("{FAE04EC0-301F-11D3-BF4B-00C04F79EFBC}") = "eShopSolution.Utilities", "eShopSolution.Utilities\eShopSolution.Utilities.csproj", "{E8665DBD-72DE-42BB-B644-FFA327A2EA26}"
EndProject
Global
	GlobalSection(SolutionConfigurationPlatforms) = preSolution
		Debug|Any CPU = Debug|Any CPU
		Release|Any CPU = Release|Any CPU
	EndGlobalSection
	GlobalSection(ProjectConfigurationPlatforms) = postSolution
		{13A9B13D-4496-4F2F-9126-DCA4E95D6F2C}.Debug|Any CPU.ActiveCfg = Debug|Any CPU
		{13A9B13D-4496-4F2F-9126-DCA4E95D6F2C}.Debug|Any CPU.Build.0 = Debug|Any CPU
		{13A9B13D-4496-4F2F-9126-DCA4E95D6F2C}.Release|Any CPU.ActiveCfg = Release|Any CPU
		{13A9B13D-4496-4F2F-9126-DCA4E95D6F2C}.Release|Any CPU.Build.0 = Release|Any CPU
		{00894095-B280-433D-BB37-56B117D5876B}.Debug|Any CPU.ActiveCfg = Debug|Any CPU
		{00894095-B280-433D-BB37-56B117D5876B}.Debug|Any CPU.Build.0 = Debug|Any CPU
		{00894095-B280-433D-BB37-56B117D5876B}.Release|Any CPU.ActiveCfg = Release|Any CPU
		{00894095-B280-433D-BB37-56B117D5876B}.Release|Any CPU.Build.0 = Release|Any CPU
		{43B53463-0565-4355-B47E-626BE9D51B58}.Debug|Any CPU.ActiveCfg = Debug|Any CPU
		{43B53463-0565-4355-B47E-626BE9D51B58}.Debug|Any CPU.Build.0 = Debug|Any CPU
		{43B53463-0565-4355-B47E-626BE9D51B58}.Release|Any CPU.ActiveCfg = Release|Any CPU
		{43B53463-0565-4355-B47E-626BE9D51B58}.Release|Any CPU.Build.0 = Release|Any CPU
		{E8665DBD-72DE-42BB-B644-FFA327A2EA26}.Debug|Any CPU.ActiveCfg = Debug|Any CPU
		{E8665DBD-72DE-42BB-B644-FFA327A2EA26}.Debug|Any CPU.Build.0 = Debug|Any CPU
		{E8665DBD-72DE-42BB-B644-FFA327A2EA26}.Release|Any CPU.ActiveCfg = Release|Any CPU
		{E8665DBD-72DE-42BB-B644-FFA327A2EA26}.Release|Any CPU.Build.0 = Release|Any CPU
	EndGlobalSection
	GlobalSection(SolutionProperties) = preSolution
		HideSolutionNode = FALSE
	EndGlobalSection
	GlobalSection(ExtensibilityGlobals) = postSolution
		SolutionGuid = {347ACCF7-2B0C-418C-A826-E2997735273D}
	EndGlobalSection
EndGlobal
